
Microsoft Visual Studio Solution File, Format Version 12.00
# Visual Studio Version 17
VisualStudioVersion = 17.2.32630.192
MinimumVisualStudioVersion = 10.0.40219.1
Project("{9A19103F-16F7-4668-BE54-9A1E7A4F7556}") = "AspNetRestApiSample.Api", "src\AspNetRestApiSample.Api\AspNetRestApiSample.Api.csproj", "{594EF189-7903-4254-A8C8-7606022FD97E}"
EndProject
Project("{9A19103F-16F7-4668-BE54-9A1E7A4F7556}") = "AspNetRestApiSample.Api.Tests", "src\AspNetRestApiSample.Api.Tests\AspNetRestApiSample.Api.Tests.csproj", "{24F8FFB2-8EFA-4F39-BEB3-63A8C09DBE6A}"
EndProject
Global
	GlobalSection(SolutionConfigurationPlatforms) = preSolution
		Debug|Any CPU = Debug|Any CPU
		Release|Any CPU = Release|Any CPU
	EndGlobalSection
	GlobalSection(ProjectConfigurationPlatforms) = postSolution
		{594EF189-7903-4254-A8C8-7606022FD97E}.Debug|Any CPU.ActiveCfg = Debug|Any CPU
		{594EF189-7903-4254-A8C8-7606022FD97E}.Debug|Any CPU.Build.0 = Debug|Any CPU
		{594EF189-7903-4254-A8C8-7606022FD97E}.Release|Any CPU.ActiveCfg = Release|Any CPU
		{594EF189-7903-4254-A8C8-7606022FD97E}.Release|Any CPU.Build.0 = Release|Any CPU
		{24F8FFB2-8EFA-4F39-BEB3-63A8C09DBE6A}.Debug|Any CPU.ActiveCfg = Debug|Any CPU
		{24F8FFB2-8EFA-4F39-BEB3-63A8C09DBE6A}.Debug|Any CPU.Build.0 = Debug|Any CPU
		{24F8FFB2-8EFA-4F39-BEB3-63A8C09DBE6A}.Release|Any CPU.ActiveCfg = Release|Any CPU
		{24F8FFB2-8EFA-4F39-BEB3-63A8C09DBE6A}.Release|Any CPU.Build.0 = Release|Any CPU
	EndGlobalSection
	GlobalSection(SolutionProperties) = preSolution
		HideSolutionNode = FALSE
	EndGlobalSection
	GlobalSection(ExtensibilityGlobals) = postSolution
		SolutionGuid = {2294E729-C2E2-4EC5-97F7-B5C5612EEB02}
	EndGlobalSection
EndGlobal
