
Microsoft Visual Studio Solution File, Format Version 12.00
# Visual Studio Version 17
VisualStudioVersion = 17.2.32630.192
MinimumVisualStudioVersion = 10.0.40219.1
Project("{9A19103F-16F7-4668-BE54-9A1E7A4F7556}") = "AspNetRestApiSample.Api", "AspNetRestApiSample.Api\AspNetRestApiSample.Api.csproj", "{60E4A5DC-85CE-4094-940B-1D4972291687}"
EndProject
Project("{FAE04EC0-301F-11D3-BF4B-00C04F79EFBC}") = "AspNetRestApiSample.Api.Tests", "AspNetRestApiSample.Api.Tests\AspNetRestApiSample.Api.Tests.csproj", "{AA7A241B-3358-4D13-91A4-F0B83B411C42}"
EndProject
Global
	GlobalSection(SolutionConfigurationPlatforms) = preSolution
		Debug|Any CPU = Debug|Any CPU
		Release|Any CPU = Release|Any CPU
	EndGlobalSection
	GlobalSection(ProjectConfigurationPlatforms) = postSolution
		{60E4A5DC-85CE-4094-940B-1D4972291687}.Debug|Any CPU.ActiveCfg = Debug|Any CPU
		{60E4A5DC-85CE-4094-940B-1D4972291687}.Debug|Any CPU.Build.0 = Debug|Any CPU
		{60E4A5DC-85CE-4094-940B-1D4972291687}.Release|Any CPU.ActiveCfg = Release|Any CPU
		{60E4A5DC-85CE-4094-940B-1D4972291687}.Release|Any CPU.Build.0 = Release|Any CPU
		{AA7A241B-3358-4D13-91A4-F0B83B411C42}.Debug|Any CPU.ActiveCfg = Debug|Any CPU
		{AA7A241B-3358-4D13-91A4-F0B83B411C42}.Debug|Any CPU.Build.0 = Debug|Any CPU
		{AA7A241B-3358-4D13-91A4-F0B83B411C42}.Release|Any CPU.ActiveCfg = Release|Any CPU
		{AA7A241B-3358-4D13-91A4-F0B83B411C42}.Release|Any CPU.Build.0 = Release|Any CPU
	EndGlobalSection
	GlobalSection(SolutionProperties) = preSolution
		HideSolutionNode = FALSE
	EndGlobalSection
	GlobalSection(ExtensibilityGlobals) = postSolution
		SolutionGuid = {2294E729-C2E2-4EC5-97F7-B5C5612EEB02}
	EndGlobalSection
EndGlobal
